
Microsoft Visual Studio Solution File, Format Version 12.00
# Visual Studio 15
Project("{FAE04EC0-301F-11D3-BF4B-00C04F79EFBC}") = "Fungus", "Fungus.csproj", "{47BBEC31-48B9-5DB6-EBC6-0C55A7338B8C}"
EndProject
Project("{FAE04EC0-301F-11D3-BF4B-00C04F79EFBC}") = "Assembly-CSharp", "Assembly-CSharp.csproj", "{7373224F-D51D-3653-8591-51A7D9B24A0A}"
EndProject
Project("{FAE04EC0-301F-11D3-BF4B-00C04F79EFBC}") = "Assembly-CSharp-firstpass", "Assembly-CSharp-firstpass.csproj", "{5EB69EF8-2CEB-9239-B21A-1942E75774CD}"
EndProject
Project("{FAE04EC0-301F-11D3-BF4B-00C04F79EFBC}") = "FungusEditor", "FungusEditor.csproj", "{725500FA-B460-D3E5-26A3-010AE6B1616D}"
EndProject
Project("{FAE04EC0-301F-11D3-BF4B-00C04F79EFBC}") = "Fungus.FungusLuaJSONCheckerEditor", "Fungus.FungusLuaJSONCheckerEditor.csproj", "{18989B36-2660-B263-5718-B191E46BD082}"
EndProject
Project("{FAE04EC0-301F-11D3-BF4B-00C04F79EFBC}") = "Assembly-CSharp-Editor-firstpass", "Assembly-CSharp-Editor-firstpass.csproj", "{007C107B-40D0-8625-45D1-6821E45E92CD}"
EndProject
Project("{FAE04EC0-301F-11D3-BF4B-00C04F79EFBC}") = "Fungus.FungusLuaEditor", "Fungus.FungusLuaEditor.csproj", "{DFCEE36F-84B6-4DD7-56E3-6A91F4D3FEB9}"
EndProject
Project("{FAE04EC0-301F-11D3-BF4B-00C04F79EFBC}") = "Fungus.UsfxrEditor", "Fungus.UsfxrEditor.csproj", "{6A85BE99-9AD5-2630-B873-8C357A93B26E}"
EndProject
Project("{FAE04EC0-301F-11D3-BF4B-00C04F79EFBC}") = "Fungus.LineEndingsEditor", "Fungus.LineEndingsEditor.csproj", "{EEA7BE67-96EA-13D7-298F-2B6588DF49C1}"
EndProject
Global
	GlobalSection(SolutionConfigurationPlatforms) = preSolution
		Debug|Any CPU = Debug|Any CPU
		Release|Any CPU = Release|Any CPU
	EndGlobalSection
	GlobalSection(ProjectConfigurationPlatforms) = postSolution
		{47BBEC31-48B9-5DB6-EBC6-0C55A7338B8C}.Debug|Any CPU.ActiveCfg = Debug|Any CPU
		{47BBEC31-48B9-5DB6-EBC6-0C55A7338B8C}.Debug|Any CPU.Build.0 = Debug|Any CPU
		{47BBEC31-48B9-5DB6-EBC6-0C55A7338B8C}.Release|Any CPU.ActiveCfg = Release|Any CPU
		{47BBEC31-48B9-5DB6-EBC6-0C55A7338B8C}.Release|Any CPU.Build.0 = Release|Any CPU
		{7373224F-D51D-3653-8591-51A7D9B24A0A}.Debug|Any CPU.ActiveCfg = Debug|Any CPU
		{7373224F-D51D-3653-8591-51A7D9B24A0A}.Debug|Any CPU.Build.0 = Debug|Any CPU
		{7373224F-D51D-3653-8591-51A7D9B24A0A}.Release|Any CPU.ActiveCfg = Release|Any CPU
		{7373224F-D51D-3653-8591-51A7D9B24A0A}.Release|Any CPU.Build.0 = Release|Any CPU
		{5EB69EF8-2CEB-9239-B21A-1942E75774CD}.Debug|Any CPU.ActiveCfg = Debug|Any CPU
		{5EB69EF8-2CEB-9239-B21A-1942E75774CD}.Debug|Any CPU.Build.0 = Debug|Any CPU
		{5EB69EF8-2CEB-9239-B21A-1942E75774CD}.Release|Any CPU.ActiveCfg = Release|Any CPU
		{5EB69EF8-2CEB-9239-B21A-1942E75774CD}.Release|Any CPU.Build.0 = Release|Any CPU
		{725500FA-B460-D3E5-26A3-010AE6B1616D}.Debug|Any CPU.ActiveCfg = Debug|Any CPU
		{725500FA-B460-D3E5-26A3-010AE6B1616D}.Debug|Any CPU.Build.0 = Debug|Any CPU
		{725500FA-B460-D3E5-26A3-010AE6B1616D}.Release|Any CPU.ActiveCfg = Release|Any CPU
		{725500FA-B460-D3E5-26A3-010AE6B1616D}.Release|Any CPU.Build.0 = Release|Any CPU
		{18989B36-2660-B263-5718-B191E46BD082}.Debug|Any CPU.ActiveCfg = Debug|Any CPU
		{18989B36-2660-B263-5718-B191E46BD082}.Debug|Any CPU.Build.0 = Debug|Any CPU
		{18989B36-2660-B263-5718-B191E46BD082}.Release|Any CPU.ActiveCfg = Release|Any CPU
		{18989B36-2660-B263-5718-B191E46BD082}.Release|Any CPU.Build.0 = Release|Any CPU
		{007C107B-40D0-8625-45D1-6821E45E92CD}.Debug|Any CPU.ActiveCfg = Debug|Any CPU
		{007C107B-40D0-8625-45D1-6821E45E92CD}.Debug|Any CPU.Build.0 = Debug|Any CPU
		{007C107B-40D0-8625-45D1-6821E45E92CD}.Release|Any CPU.ActiveCfg = Release|Any CPU
		{007C107B-40D0-8625-45D1-6821E45E92CD}.Release|Any CPU.Build.0 = Release|Any CPU
		{DFCEE36F-84B6-4DD7-56E3-6A91F4D3FEB9}.Debug|Any CPU.ActiveCfg = Debug|Any CPU
		{DFCEE36F-84B6-4DD7-56E3-6A91F4D3FEB9}.Debug|Any CPU.Build.0 = Debug|Any CPU
		{DFCEE36F-84B6-4DD7-56E3-6A91F4D3FEB9}.Release|Any CPU.ActiveCfg = Release|Any CPU
		{DFCEE36F-84B6-4DD7-56E3-6A91F4D3FEB9}.Release|Any CPU.Build.0 = Release|Any CPU
		{6A85BE99-9AD5-2630-B873-8C357A93B26E}.Debug|Any CPU.ActiveCfg = Debug|Any CPU
		{6A85BE99-9AD5-2630-B873-8C357A93B26E}.Debug|Any CPU.Build.0 = Debug|Any CPU
		{6A85BE99-9AD5-2630-B873-8C357A93B26E}.Release|Any CPU.ActiveCfg = Release|Any CPU
		{6A85BE99-9AD5-2630-B873-8C357A93B26E}.Release|Any CPU.Build.0 = Release|Any CPU
		{EEA7BE67-96EA-13D7-298F-2B6588DF49C1}.Debug|Any CPU.ActiveCfg = Debug|Any CPU
		{EEA7BE67-96EA-13D7-298F-2B6588DF49C1}.Debug|Any CPU.Build.0 = Debug|Any CPU
		{EEA7BE67-96EA-13D7-298F-2B6588DF49C1}.Release|Any CPU.ActiveCfg = Release|Any CPU
		{EEA7BE67-96EA-13D7-298F-2B6588DF49C1}.Release|Any CPU.Build.0 = Release|Any CPU
	EndGlobalSection
	GlobalSection(SolutionProperties) = preSolution
		HideSolutionNode = FALSE
	EndGlobalSection
EndGlobal
